
Microsoft Visual Studio Solution File, Format Version 12.00
# Visual Studio Version 17
VisualStudioVersion = 17.6.33829.357
MinimumVisualStudioVersion = 10.0.40219.1
Project("{9A19103F-16F7-4668-BE54-9A1E7A4F7556}") = "00. Demo", "00. Demo\00. Demo.csproj", "{3641FFA1-B7EA-4978-8695-A5E1A10CEFD6}"
EndProject
Project("{9A19103F-16F7-4668-BE54-9A1E7A4F7556}") = "01. RepeatString", "01. RepeatString\01. RepeatString.csproj", "{17242AA1-3ECE-4293-8FAD-A8DF7925AC06}"
EndProject
Project("{9A19103F-16F7-4668-BE54-9A1E7A4F7556}") = "02. ReverseStrings", "02. ReverseStrings\02. ReverseStrings.csproj", "{F5B15AE2-AFBF-44B1-883F-0404C6920AF1}"
EndProject
Project("{FAE04EC0-301F-11D3-BF4B-00C04F79EFBC}") = "03. Substring", "03. Substring\03. Substring.csproj", "{7A796410-B2C3-48F4-9131-3BF7703C03C3}"
EndProject
Project("{FAE04EC0-301F-11D3-BF4B-00C04F79EFBC}") = "04. TextFilter", "04. TextFilter\04. TextFilter.csproj", "{A92F5CF1-D923-4F83-BEB3-4781F98D9E6B}"
EndProject
Project("{FAE04EC0-301F-11D3-BF4B-00C04F79EFBC}") = "05. DigitsLettersAndOthers", "05. DigitsLettersAndOthers\05. DigitsLettersAndOthers.csproj", "{6AEBEAA9-CD45-48D4-B9F9-7ACE298BDC0D}"
EndProject
Global
	GlobalSection(SolutionConfigurationPlatforms) = preSolution
		Debug|Any CPU = Debug|Any CPU
		Release|Any CPU = Release|Any CPU
	EndGlobalSection
	GlobalSection(ProjectConfigurationPlatforms) = postSolution
		{3641FFA1-B7EA-4978-8695-A5E1A10CEFD6}.Debug|Any CPU.ActiveCfg = Debug|Any CPU
		{3641FFA1-B7EA-4978-8695-A5E1A10CEFD6}.Debug|Any CPU.Build.0 = Debug|Any CPU
		{3641FFA1-B7EA-4978-8695-A5E1A10CEFD6}.Release|Any CPU.ActiveCfg = Release|Any CPU
		{3641FFA1-B7EA-4978-8695-A5E1A10CEFD6}.Release|Any CPU.Build.0 = Release|Any CPU
		{17242AA1-3ECE-4293-8FAD-A8DF7925AC06}.Debug|Any CPU.ActiveCfg = Debug|Any CPU
		{17242AA1-3ECE-4293-8FAD-A8DF7925AC06}.Debug|Any CPU.Build.0 = Debug|Any CPU
		{17242AA1-3ECE-4293-8FAD-A8DF7925AC06}.Release|Any CPU.ActiveCfg = Release|Any CPU
		{17242AA1-3ECE-4293-8FAD-A8DF7925AC06}.Release|Any CPU.Build.0 = Release|Any CPU
		{F5B15AE2-AFBF-44B1-883F-0404C6920AF1}.Debug|Any CPU.ActiveCfg = Debug|Any CPU
		{F5B15AE2-AFBF-44B1-883F-0404C6920AF1}.Debug|Any CPU.Build.0 = Debug|Any CPU
		{F5B15AE2-AFBF-44B1-883F-0404C6920AF1}.Release|Any CPU.ActiveCfg = Release|Any CPU
		{F5B15AE2-AFBF-44B1-883F-0404C6920AF1}.Release|Any CPU.Build.0 = Release|Any CPU
		{7A796410-B2C3-48F4-9131-3BF7703C03C3}.Debug|Any CPU.ActiveCfg = Debug|Any CPU
		{7A796410-B2C3-48F4-9131-3BF7703C03C3}.Debug|Any CPU.Build.0 = Debug|Any CPU
		{7A796410-B2C3-48F4-9131-3BF7703C03C3}.Release|Any CPU.ActiveCfg = Release|Any CPU
		{7A796410-B2C3-48F4-9131-3BF7703C03C3}.Release|Any CPU.Build.0 = Release|Any CPU
		{A92F5CF1-D923-4F83-BEB3-4781F98D9E6B}.Debug|Any CPU.ActiveCfg = Debug|Any CPU
		{A92F5CF1-D923-4F83-BEB3-4781F98D9E6B}.Debug|Any CPU.Build.0 = Debug|Any CPU
		{A92F5CF1-D923-4F83-BEB3-4781F98D9E6B}.Release|Any CPU.ActiveCfg = Release|Any CPU
		{A92F5CF1-D923-4F83-BEB3-4781F98D9E6B}.Release|Any CPU.Build.0 = Release|Any CPU
		{6AEBEAA9-CD45-48D4-B9F9-7ACE298BDC0D}.Debug|Any CPU.ActiveCfg = Debug|Any CPU
		{6AEBEAA9-CD45-48D4-B9F9-7ACE298BDC0D}.Debug|Any CPU.Build.0 = Debug|Any CPU
		{6AEBEAA9-CD45-48D4-B9F9-7ACE298BDC0D}.Release|Any CPU.ActiveCfg = Release|Any CPU
		{6AEBEAA9-CD45-48D4-B9F9-7ACE298BDC0D}.Release|Any CPU.Build.0 = Release|Any CPU
	EndGlobalSection
	GlobalSection(SolutionProperties) = preSolution
		HideSolutionNode = FALSE
	EndGlobalSection
	GlobalSection(ExtensibilityGlobals) = postSolution
		SolutionGuid = {3ABB4787-699D-462E-BAD7-E2048688D9A2}
	EndGlobalSection
EndGlobal
